lockfileVersion: 5.4

specifiers:
  '@napi-rs/canvas': ^0.1.30
  esm: ^3.2.25
  potpack: ^2.0.0

dependencies:
  '@napi-rs/canvas': 0.1.30
  esm: 3.2.25
  potpack: 2.0.0

packages:

  /@napi-rs/canvas-android-arm64/0.1.30:
    resolution: {integrity: sha512-RaJvfg5x8QV+3WVqxwi1dt05mqiDuQF/w4wj8b6SHbxbVLfzZ5T0M9PFBTvjNU88GxiiVYUihxJeCCDs1sXP0g==}
    engines: {node: '>= 10'}
    cpu: [arm64]
    os: [android]
    requiresBuild: true
    dev: false
    optional: true

  /@napi-rs/canvas-darwin-arm64/0.1.30:
    resolution: {integrity: sha512-ZWW7+YYGFREzeV1uoGv0uUx+0OhGd5jQ6zFdaGYFESUjmLlfZ/LS0CG/IlbWDiWbnRPu2HQl0/TOQHurleJjLw==}
    engines: {node: '>= 10'}
    cpu: [arm64]
    os: [darwin]
    requiresBuild: true
    dev: false
    optional: true

  /@napi-rs/canvas-darwin-x64/0.1.30:
    resolution: {integrity: sha512-DThro7Y3QFV/9bl/EORWXzBMXeIZU1jo80oI8Ha2Xsoy3Eq+wHhnlMyvNYcLjalxIFU/JJrzu6/qxjPaVzcw5A==}
    engines: {node: '>= 10'}
    cpu: [x64]
    os: [darwin]
    requiresBuild: true
    dev: false
    optional: true

  /@napi-rs/canvas-linux-arm-gnueabihf/0.1.30:
    resolution: {integrity: sha512-bMz85lH3y2JL7Xf8szu/EayyEffN2FSAUtxOm6U3/MLc7jW2Pt8TRhAQQxnv0zNh8ub7qBDky+LspMBPLTDRzA==}
    engines: {node: '>= 10'}
    cpu: [arm]
    os: [linux]
    requiresBuild: true
    dev: false
    optional: true

  /@napi-rs/canvas-linux-arm64-gnu/0.1.30:
    resolution: {integrity: sha512-KHUVFOaG7wE4/GGTLk434GH7DIhPa7hhfMyzLqU1QFRXzjo0KIyO9gecHEF9snXaqvD4c/8YubEtFbWZVMSKUw==}
    engines: {node: '>= 10'}
    cpu: [arm64]
    os: [linux]
    requiresBuild: true
    dev: false
    optional: true

  /@napi-rs/canvas-linux-arm64-musl/0.1.30:
    resolution: {integrity: sha512-9ckRCQbt/ZVNbHvApKhvaRM+mahMl4xryV0vUEKgFHo8Fm4j56dPZRWeKojmk1vSGC9ahY73K1MEb0OaIxOv0Q==}
    engines: {node: '>= 10'}
    cpu: [arm64]
    os: [linux]
    requiresBuild: true
    dev: false
    optional: true

  /@napi-rs/canvas-linux-x64-gnu/0.1.30:
    resolution: {integrity: sha512-NSyhCClsTBs06ViivDU0lSGVTDBBtm3pSTQKZseAnBEEF0vuO4De5SJl4JYng9eSDQ6KqA4TkOZFUMxokP6ZVg==}
    engines: {node: '>= 10'}
    cpu: [x64]
    os: [linux]
    requiresBuild: true
    dev: false
    optional: true

  /@napi-rs/canvas-linux-x64-musl/0.1.30:
    resolution: {integrity: sha512-hT3sPij6nHKiH10avrd8MNwLYEBzwiVyzA0nxPosGJ+ErWk1tgE4UeM3w1+BWYK3S/wgY/4WlhxDgsd9crUGRA==}
    engines: {node: '>= 10'}
    cpu: [x64]
    os: [linux]
    requiresBuild: true
    dev: false
    optional: true

  /@napi-rs/canvas-win32-x64-msvc/0.1.30:
    resolution: {integrity: sha512-6MwkIMd53jNqO+KAvv2A7TtMY1MYE51VCdF7sZ61sypgjB/dOYmYqDgAU/RTHS5agyc0CZUeXoaZT43Lkgk67A==}
    engines: {node: '>= 10'}
    cpu: [x64]
    os: [win32]
    requiresBuild: true
    dev: false
    optional: true

  /@napi-rs/canvas/0.1.30:
    resolution: {integrity: sha512-XRR6PumJW9GdODD+HFW7ZKmpq7FE6PIKWn7QTcsJUdGNb54fTS1Z47oPFZ3pbvs07Xs8ZnkR03Q/9T3LfkGRgg==}
    engines: {node: '>= 10'}
    optionalDependencies:
      '@napi-rs/canvas-android-arm64': 0.1.30
      '@napi-rs/canvas-darwin-arm64': 0.1.30
      '@napi-rs/canvas-darwin-x64': 0.1.30
      '@napi-rs/canvas-linux-arm-gnueabihf': 0.1.30
      '@napi-rs/canvas-linux-arm64-gnu': 0.1.30
      '@napi-rs/canvas-linux-arm64-musl': 0.1.30
      '@napi-rs/canvas-linux-x64-gnu': 0.1.30
      '@napi-rs/canvas-linux-x64-musl': 0.1.30
      '@napi-rs/canvas-win32-x64-msvc': 0.1.30
    dev: false

  /esm/3.2.25:
    resolution: {integrity: sha512-U1suiZ2oDVWv4zPO56S0NcR5QriEahGtdN2OR6FiOG4WJvcjBVFB0qI4+eKoWFH483PKGuLuu6V8Z4T5g63UVA==}
    engines: {node: '>=6'}
    dev: false

  /potpack/2.0.0:
    resolution: {integrity: sha512-Q+/tYsFU9r7xoOJ+y/ZTtdVQwTWfzjbiXBDMM/JKUux3+QPP02iUuIoeBQ+Ot6oEDlC+/PGjB/5A3K7KKb7hcw==}
    dev: false
